
Microsoft Visual Studio Solution File, Format Version 12.00
# Visual Studio Version 17
VisualStudioVersion = 17.13.35825.156 d17.13
MinimumVisualStudioVersion = 10.0.40219.1
Project("{FAE04EC0-301F-11D3-BF4B-00C04F79EFBC}") = "Prueba-fullstack", "Prueba-fullstack\Prueba-fullstack.csproj", "{0D9819A3-DD04-4775-B28B-81C69D2FC303}"
EndProject
Global
	GlobalSection(SolutionConfigurationPlatforms) = preSolution
		Debug|Any CPU = Debug|Any CPU
		Release|Any CPU = Release|Any CPU
	EndGlobalSection
	GlobalSection(ProjectConfigurationPlatforms) = postSolution
		{0D9819A3-DD04-4775-B28B-81C69D2FC303}.Debug|Any CPU.ActiveCfg = Debug|Any CPU
		{0D9819A3-DD04-4775-B28B-81C69D2FC303}.Debug|Any CPU.Build.0 = Debug|Any CPU
		{0D9819A3-DD04-4775-B28B-81C69D2FC303}.Release|Any CPU.ActiveCfg = Release|Any CPU
		{0D9819A3-DD04-4775-B28B-81C69D2FC303}.Release|Any CPU.Build.0 = Release|Any CPU
	EndGlobalSection
	GlobalSection(SolutionProperties) = preSolution
		HideSolutionNode = FALSE
	EndGlobalSection
	GlobalSection(ExtensibilityGlobals) = postSolution
		SolutionGuid = {A8C395A6-7615-4A0C-85B4-225198A3C64C}
	EndGlobalSection
EndGlobal
